
Microsoft Visual Studio Solution File, Format Version 12.00
# Visual Studio Version 16
VisualStudioVersion = 16.0.31624.102
MinimumVisualStudioVersion = 10.0.40219.1
Project("{FAE04EC0-301F-11D3-BF4B-00C04F79EFBC}") = "ListasXamarin.Android", "ListasXamarin\ListasXamarin.Android\ListasXamarin.Android.csproj", "{579528EF-A2CE-4CD1-A95A-586978816130}"
EndProject
Project("{FAE04EC0-301F-11D3-BF4B-00C04F79EFBC}") = "ListasXamarin.iOS", "ListasXamarin\ListasXamarin.iOS\ListasXamarin.iOS.csproj", "{21FB6408-6511-4116-95A6-2CC0E4A9F82E}"
EndProject
Project("{9A19103F-16F7-4668-BE54-9A1E7A4F7556}") = "ListasXamarin", "ListasXamarin\ListasXamarin\ListasXamarin.csproj", "{F744394B-2DB6-4C34-82F2-17AA9DD173A2}"
EndProject
Global
	GlobalSection(SolutionConfigurationPlatforms) = preSolution
		Debug|Any CPU = Debug|Any CPU
		Debug|iPhone = Debug|iPhone
		Debug|iPhoneSimulator = Debug|iPhoneSimulator
		Release|Any CPU = Release|Any CPU
		Release|iPhone = Release|iPhone
		Release|iPhoneSimulator = Release|iPhoneSimulator
	EndGlobalSection
	GlobalSection(ProjectConfigurationPlatforms) = postSolution
		{579528EF-A2CE-4CD1-A95A-586978816130}.Debug|Any CPU.ActiveCfg = Debug|Any CPU
		{579528EF-A2CE-4CD1-A95A-586978816130}.Debug|Any CPU.Build.0 = Debug|Any CPU
		{579528EF-A2CE-4CD1-A95A-586978816130}.Debug|Any CPU.Deploy.0 = Debug|Any CPU
		{579528EF-A2CE-4CD1-A95A-586978816130}.Debug|iPhone.ActiveCfg = Debug|Any CPU
		{579528EF-A2CE-4CD1-A95A-586978816130}.Debug|iPhone.Build.0 = Debug|Any CPU
		{579528EF-A2CE-4CD1-A95A-586978816130}.Debug|iPhone.Deploy.0 = Debug|Any CPU
		{579528EF-A2CE-4CD1-A95A-586978816130}.Debug|iPhoneSimulator.ActiveCfg = Debug|Any CPU
		{579528EF-A2CE-4CD1-A95A-586978816130}.Debug|iPhoneSimulator.Build.0 = Debug|Any CPU
		{579528EF-A2CE-4CD1-A95A-586978816130}.Debug|iPhoneSimulator.Deploy.0 = Debug|Any CPU
		{579528EF-A2CE-4CD1-A95A-586978816130}.Release|Any CPU.ActiveCfg = Release|Any CPU
		{579528EF-A2CE-4CD1-A95A-586978816130}.Release|Any CPU.Build.0 = Release|Any CPU
		{579528EF-A2CE-4CD1-A95A-586978816130}.Release|Any CPU.Deploy.0 = Release|Any CPU
		{579528EF-A2CE-4CD1-A95A-586978816130}.Release|iPhone.ActiveCfg = Release|Any CPU
		{579528EF-A2CE-4CD1-A95A-586978816130}.Release|iPhone.Build.0 = Release|Any CPU
		{579528EF-A2CE-4CD1-A95A-586978816130}.Release|iPhone.Deploy.0 = Release|Any CPU
		{579528EF-A2CE-4CD1-A95A-586978816130}.Release|iPhoneSimulator.ActiveCfg = Release|Any CPU
		{579528EF-A2CE-4CD1-A95A-586978816130}.Release|iPhoneSimulator.Build.0 = Release|Any CPU
		{579528EF-A2CE-4CD1-A95A-586978816130}.Release|iPhoneSimulator.Deploy.0 = Release|Any CPU
		{21FB6408-6511-4116-95A6-2CC0E4A9F82E}.Debug|Any CPU.ActiveCfg = Debug|iPhone
		{21FB6408-6511-4116-95A6-2CC0E4A9F82E}.Debug|Any CPU.Build.0 = Debug|iPhone
		{21FB6408-6511-4116-95A6-2CC0E4A9F82E}.Debug|Any CPU.Deploy.0 = Debug|iPhone
		{21FB6408-6511-4116-95A6-2CC0E4A9F82E}.Debug|iPhone.ActiveCfg = Debug|iPhone
		{21FB6408-6511-4116-95A6-2CC0E4A9F82E}.Debug|iPhone.Build.0 = Debug|iPhone
		{21FB6408-6511-4116-95A6-2CC0E4A9F82E}.Debug|iPhone.Deploy.0 = Debug|iPhone
		{21FB6408-6511-4116-95A6-2CC0E4A9F82E}.Debug|iPhoneSimulator.ActiveCfg = Debug|iPhoneSimulator
		{21FB6408-6511-4116-95A6-2CC0E4A9F82E}.Debug|iPhoneSimulator.Build.0 = Debug|iPhoneSimulator
		{21FB6408-6511-4116-95A6-2CC0E4A9F82E}.Debug|iPhoneSimulator.Deploy.0 = Debug|iPhoneSimulator
		{21FB6408-6511-4116-95A6-2CC0E4A9F82E}.Release|Any CPU.ActiveCfg = Release|iPhoneSimulator
		{21FB6408-6511-4116-95A6-2CC0E4A9F82E}.Release|Any CPU.Build.0 = Release|iPhoneSimulator
		{21FB6408-6511-4116-95A6-2CC0E4A9F82E}.Release|Any CPU.Deploy.0 = Release|iPhoneSimulator
		{21FB6408-6511-4116-95A6-2CC0E4A9F82E}.Release|iPhone.ActiveCfg = Release|iPhone
		{21FB6408-6511-4116-95A6-2CC0E4A9F82E}.Release|iPhone.Build.0 = Release|iPhone
		{21FB6408-6511-4116-95A6-2CC0E4A9F82E}.Release|iPhone.Deploy.0 = Release|iPhone
		{21FB6408-6511-4116-95A6-2CC0E4A9F82E}.Release|iPhoneSimulator.ActiveCfg = Release|iPhoneSimulator
		{21FB6408-6511-4116-95A6-2CC0E4A9F82E}.Release|iPhoneSimulator.Build.0 = Release|iPhoneSimulator
		{21FB6408-6511-4116-95A6-2CC0E4A9F82E}.Release|iPhoneSimulator.Deploy.0 = Release|iPhoneSimulator
		{F744394B-2DB6-4C34-82F2-17AA9DD173A2}.Debug|Any CPU.ActiveCfg = Debug|Any CPU
		{F744394B-2DB6-4C34-82F2-17AA9DD173A2}.Debug|Any CPU.Build.0 = Debug|Any CPU
		{F744394B-2DB6-4C34-82F2-17AA9DD173A2}.Debug|Any CPU.Deploy.0 = Debug|Any CPU
		{F744394B-2DB6-4C34-82F2-17AA9DD173A2}.Debug|iPhone.ActiveCfg = Debug|Any CPU
		{F744394B-2DB6-4C34-82F2-17AA9DD173A2}.Debug|iPhone.Build.0 = Debug|Any CPU
		{F744394B-2DB6-4C34-82F2-17AA9DD173A2}.Debug|iPhone.Deploy.0 = Debug|Any CPU
		{F744394B-2DB6-4C34-82F2-17AA9DD173A2}.Debug|iPhoneSimulator.ActiveCfg = Debug|Any CPU
		{F744394B-2DB6-4C34-82F2-17AA9DD173A2}.Debug|iPhoneSimulator.Build.0 = Debug|Any CPU
		{F744394B-2DB6-4C34-82F2-17AA9DD173A2}.Debug|iPhoneSimulator.Deploy.0 = Debug|Any CPU
		{F744394B-2DB6-4C34-82F2-17AA9DD173A2}.Release|Any CPU.ActiveCfg = Release|Any CPU
		{F744394B-2DB6-4C34-82F2-17AA9DD173A2}.Release|Any CPU.Build.0 = Release|Any CPU
		{F744394B-2DB6-4C34-82F2-17AA9DD173A2}.Release|Any CPU.Deploy.0 = Release|Any CPU
		{F744394B-2DB6-4C34-82F2-17AA9DD173A2}.Release|iPhone.ActiveCfg = Release|Any CPU
		{F744394B-2DB6-4C34-82F2-17AA9DD173A2}.Release|iPhone.Build.0 = Release|Any CPU
		{F744394B-2DB6-4C34-82F2-17AA9DD173A2}.Release|iPhone.Deploy.0 = Release|Any CPU
		{F744394B-2DB6-4C34-82F2-17AA9DD173A2}.Release|iPhoneSimulator.ActiveCfg = Release|Any CPU
		{F744394B-2DB6-4C34-82F2-17AA9DD173A2}.Release|iPhoneSimulator.Build.0 = Release|Any CPU
		{F744394B-2DB6-4C34-82F2-17AA9DD173A2}.Release|iPhoneSimulator.Deploy.0 = Release|Any CPU
	EndGlobalSection
	GlobalSection(SolutionProperties) = preSolution
		HideSolutionNode = FALSE
	EndGlobalSection
	GlobalSection(ExtensibilityGlobals) = postSolution
		SolutionGuid = {F71045A5-C048-40B6-B8E3-150FCD3C9C36}
	EndGlobalSection
EndGlobal
